
Microsoft Visual Studio Solution File, Format Version 11.00
# Visual Studio 2010
Project("{F184B08F-C81C-45F6-A57F-5ABD9991F28F}") = "LauncherNew", "LauncherNew\LauncherNew.vbproj", "{FC488E0D-C38E-42AA-BD48-D2F94B22A040}"
EndProject
Global
	GlobalSection(SolutionConfigurationPlatforms) = preSolution
		Debug|x86 = Debug|x86
		Release|x86 = Release|x86
	EndGlobalSection
	GlobalSection(ProjectConfigurationPlatforms) = postSolution
		{FC488E0D-C38E-42AA-BD48-D2F94B22A040}.Debug|x86.ActiveCfg = Debug|x86
		{FC488E0D-C38E-42AA-BD48-D2F94B22A040}.Debug|x86.Build.0 = Debug|x86
		{FC488E0D-C38E-42AA-BD48-D2F94B22A040}.Release|x86.ActiveCfg = Release|x86
		{FC488E0D-C38E-42AA-BD48-D2F94B22A040}.Release|x86.Build.0 = Release|x86
	EndGlobalSection
	GlobalSection(SolutionProperties) = preSolution
		HideSolutionNode = FALSE
	EndGlobalSection
EndGlobal
